
Microsoft Visual Studio Solution File, Format Version 12.00
# Visual Studio Version 16
VisualStudioVersion = 16.0.31424.327
MinimumVisualStudioVersion = 10.0.40219.1
Project("{FAE04EC0-301F-11D3-BF4B-00C04F79EFBC}") = "ASPNetForAndroid092021", "ASPNetForAndroid092021\ASPNetForAndroid092021.csproj", "{DD7F89D5-B57D-4487-B747-FC4CBDD502F5}"
EndProject
Global
	GlobalSection(SolutionConfigurationPlatforms) = preSolution
		Debug|Any CPU = Debug|Any CPU
		Release|Any CPU = Release|Any CPU
	EndGlobalSection
	GlobalSection(ProjectConfigurationPlatforms) = postSolution
		{DD7F89D5-B57D-4487-B747-FC4CBDD502F5}.Debug|Any CPU.ActiveCfg = Debug|Any CPU
		{DD7F89D5-B57D-4487-B747-FC4CBDD502F5}.Debug|Any CPU.Build.0 = Debug|Any CPU
		{DD7F89D5-B57D-4487-B747-FC4CBDD502F5}.Release|Any CPU.ActiveCfg = Release|Any CPU
		{DD7F89D5-B57D-4487-B747-FC4CBDD502F5}.Release|Any CPU.Build.0 = Release|Any CPU
	EndGlobalSection
	GlobalSection(SolutionProperties) = preSolution
		HideSolutionNode = FALSE
	EndGlobalSection
	GlobalSection(ExtensibilityGlobals) = postSolution
		SolutionGuid = {2AAC384D-6744-45AF-92FE-B80FC803C007}
	EndGlobalSection
EndGlobal
